
Microsoft Visual Studio Solution File, Format Version 12.00
# Visual Studio 15
VisualStudioVersion = 15.0.26124.0
MinimumVisualStudioVersion = 15.0.26124.0
Project("{2150E333-8FDC-42A3-9474-1A3956D46DE8}") = "src", "src", "{8581A1F8-D7E0-4C63-B078-C6E93BBD09A3}"
EndProject
Project("{FAE04EC0-301F-11D3-BF4B-00C04F79EFBC}") = "TaTava.Application", "src\TaTava.Application\TaTava.Application.csproj", "{BAB7BEFC-579F-44FF-B986-EF62C0290E70}"
EndProject
Project("{FAE04EC0-301F-11D3-BF4B-00C04F79EFBC}") = "TaTava.Application.Shared", "src\TaTava.Application.Shared\TaTava.Application.Shared.csproj", "{6C6998F1-3AC4-4896-AF5E-F115517EBFC0}"
EndProject
Project("{FAE04EC0-301F-11D3-BF4B-00C04F79EFBC}") = "TaTava.Core", "src\TaTava.Core\TaTava.Core.csproj", "{82530C24-344B-40C1-868D-F91A47F29C7E}"
EndProject
Project("{FAE04EC0-301F-11D3-BF4B-00C04F79EFBC}") = "TaTava.Core.Shared", "src\TaTava.Core.Shared\TaTava.Core.Shared.csproj", "{0F622B5B-D2B2-4DF3-8F7B-EE1C0DC2D095}"
EndProject
Project("{FAE04EC0-301F-11D3-BF4B-00C04F79EFBC}") = "TaTava.EntityFrameworkCore", "src\TaTava.EntityFrameworkCore\TaTava.EntityFrameworkCore.csproj", "{CECAD16E-1186-4D61-8437-6ED00233D6C3}"
EndProject
Project("{FAE04EC0-301F-11D3-BF4B-00C04F79EFBC}") = "TaTava.Web.Host", "src\TaTava.Web.Host\TaTava.Web.Host.csproj", "{1B151C2A-5E23-46AD-94E8-21F0CEC0DC2D}"
EndProject
Project("{FAE04EC0-301F-11D3-BF4B-00C04F79EFBC}") = "TaTava.Desktop.Order", "src\TaTava.Desktop.Order\TaTava.Desktop.Order.csproj", "{3DEEDC69-6C9B-4514-B3AD-1C78637CE4D6}"
EndProject
Global
	GlobalSection(SolutionConfigurationPlatforms) = preSolution
		Debug|Any CPU = Debug|Any CPU
		Debug|x64 = Debug|x64
		Debug|x86 = Debug|x86
		Release|Any CPU = Release|Any CPU
		Release|x64 = Release|x64
		Release|x86 = Release|x86
	EndGlobalSection
	GlobalSection(SolutionProperties) = preSolution
		HideSolutionNode = FALSE
	EndGlobalSection
	GlobalSection(ProjectConfigurationPlatforms) = postSolution
		{BAB7BEFC-579F-44FF-B986-EF62C0290E70}.Debug|Any CPU.ActiveCfg = Debug|Any CPU
		{BAB7BEFC-579F-44FF-B986-EF62C0290E70}.Debug|Any CPU.Build.0 = Debug|Any CPU
		{BAB7BEFC-579F-44FF-B986-EF62C0290E70}.Debug|x64.ActiveCfg = Debug|Any CPU
		{BAB7BEFC-579F-44FF-B986-EF62C0290E70}.Debug|x64.Build.0 = Debug|Any CPU
		{BAB7BEFC-579F-44FF-B986-EF62C0290E70}.Debug|x86.ActiveCfg = Debug|Any CPU
		{BAB7BEFC-579F-44FF-B986-EF62C0290E70}.Debug|x86.Build.0 = Debug|Any CPU
		{BAB7BEFC-579F-44FF-B986-EF62C0290E70}.Release|Any CPU.ActiveCfg = Release|Any CPU
		{BAB7BEFC-579F-44FF-B986-EF62C0290E70}.Release|Any CPU.Build.0 = Release|Any CPU
		{BAB7BEFC-579F-44FF-B986-EF62C0290E70}.Release|x64.ActiveCfg = Release|Any CPU
		{BAB7BEFC-579F-44FF-B986-EF62C0290E70}.Release|x64.Build.0 = Release|Any CPU
		{BAB7BEFC-579F-44FF-B986-EF62C0290E70}.Release|x86.ActiveCfg = Release|Any CPU
		{BAB7BEFC-579F-44FF-B986-EF62C0290E70}.Release|x86.Build.0 = Release|Any CPU
		{6C6998F1-3AC4-4896-AF5E-F115517EBFC0}.Debug|Any CPU.ActiveCfg = Debug|Any CPU
		{6C6998F1-3AC4-4896-AF5E-F115517EBFC0}.Debug|Any CPU.Build.0 = Debug|Any CPU
		{6C6998F1-3AC4-4896-AF5E-F115517EBFC0}.Debug|x64.ActiveCfg = Debug|Any CPU
		{6C6998F1-3AC4-4896-AF5E-F115517EBFC0}.Debug|x64.Build.0 = Debug|Any CPU
		{6C6998F1-3AC4-4896-AF5E-F115517EBFC0}.Debug|x86.ActiveCfg = Debug|Any CPU
		{6C6998F1-3AC4-4896-AF5E-F115517EBFC0}.Debug|x86.Build.0 = Debug|Any CPU
		{6C6998F1-3AC4-4896-AF5E-F115517EBFC0}.Release|Any CPU.ActiveCfg = Release|Any CPU
		{6C6998F1-3AC4-4896-AF5E-F115517EBFC0}.Release|Any CPU.Build.0 = Release|Any CPU
		{6C6998F1-3AC4-4896-AF5E-F115517EBFC0}.Release|x64.ActiveCfg = Release|Any CPU
		{6C6998F1-3AC4-4896-AF5E-F115517EBFC0}.Release|x64.Build.0 = Release|Any CPU
		{6C6998F1-3AC4-4896-AF5E-F115517EBFC0}.Release|x86.ActiveCfg = Release|Any CPU
		{6C6998F1-3AC4-4896-AF5E-F115517EBFC0}.Release|x86.Build.0 = Release|Any CPU
		{82530C24-344B-40C1-868D-F91A47F29C7E}.Debug|Any CPU.ActiveCfg = Debug|Any CPU
		{82530C24-344B-40C1-868D-F91A47F29C7E}.Debug|Any CPU.Build.0 = Debug|Any CPU
		{82530C24-344B-40C1-868D-F91A47F29C7E}.Debug|x64.ActiveCfg = Debug|Any CPU
		{82530C24-344B-40C1-868D-F91A47F29C7E}.Debug|x64.Build.0 = Debug|Any CPU
		{82530C24-344B-40C1-868D-F91A47F29C7E}.Debug|x86.ActiveCfg = Debug|Any CPU
		{82530C24-344B-40C1-868D-F91A47F29C7E}.Debug|x86.Build.0 = Debug|Any CPU
		{82530C24-344B-40C1-868D-F91A47F29C7E}.Release|Any CPU.ActiveCfg = Release|Any CPU
		{82530C24-344B-40C1-868D-F91A47F29C7E}.Release|Any CPU.Build.0 = Release|Any CPU
		{82530C24-344B-40C1-868D-F91A47F29C7E}.Release|x64.ActiveCfg = Release|Any CPU
		{82530C24-344B-40C1-868D-F91A47F29C7E}.Release|x64.Build.0 = Release|Any CPU
		{82530C24-344B-40C1-868D-F91A47F29C7E}.Release|x86.ActiveCfg = Release|Any CPU
		{82530C24-344B-40C1-868D-F91A47F29C7E}.Release|x86.Build.0 = Release|Any CPU
		{0F622B5B-D2B2-4DF3-8F7B-EE1C0DC2D095}.Debug|Any CPU.ActiveCfg = Debug|Any CPU
		{0F622B5B-D2B2-4DF3-8F7B-EE1C0DC2D095}.Debug|Any CPU.Build.0 = Debug|Any CPU
		{0F622B5B-D2B2-4DF3-8F7B-EE1C0DC2D095}.Debug|x64.ActiveCfg = Debug|Any CPU
		{0F622B5B-D2B2-4DF3-8F7B-EE1C0DC2D095}.Debug|x64.Build.0 = Debug|Any CPU
		{0F622B5B-D2B2-4DF3-8F7B-EE1C0DC2D095}.Debug|x86.ActiveCfg = Debug|Any CPU
		{0F622B5B-D2B2-4DF3-8F7B-EE1C0DC2D095}.Debug|x86.Build.0 = Debug|Any CPU
		{0F622B5B-D2B2-4DF3-8F7B-EE1C0DC2D095}.Release|Any CPU.ActiveCfg = Release|Any CPU
		{0F622B5B-D2B2-4DF3-8F7B-EE1C0DC2D095}.Release|Any CPU.Build.0 = Release|Any CPU
		{0F622B5B-D2B2-4DF3-8F7B-EE1C0DC2D095}.Release|x64.ActiveCfg = Release|Any CPU
		{0F622B5B-D2B2-4DF3-8F7B-EE1C0DC2D095}.Release|x64.Build.0 = Release|Any CPU
		{0F622B5B-D2B2-4DF3-8F7B-EE1C0DC2D095}.Release|x86.ActiveCfg = Release|Any CPU
		{0F622B5B-D2B2-4DF3-8F7B-EE1C0DC2D095}.Release|x86.Build.0 = Release|Any CPU
		{CECAD16E-1186-4D61-8437-6ED00233D6C3}.Debug|Any CPU.ActiveCfg = Debug|Any CPU
		{CECAD16E-1186-4D61-8437-6ED00233D6C3}.Debug|Any CPU.Build.0 = Debug|Any CPU
		{CECAD16E-1186-4D61-8437-6ED00233D6C3}.Debug|x64.ActiveCfg = Debug|Any CPU
		{CECAD16E-1186-4D61-8437-6ED00233D6C3}.Debug|x64.Build.0 = Debug|Any CPU
		{CECAD16E-1186-4D61-8437-6ED00233D6C3}.Debug|x86.ActiveCfg = Debug|Any CPU
		{CECAD16E-1186-4D61-8437-6ED00233D6C3}.Debug|x86.Build.0 = Debug|Any CPU
		{CECAD16E-1186-4D61-8437-6ED00233D6C3}.Release|Any CPU.ActiveCfg = Release|Any CPU
		{CECAD16E-1186-4D61-8437-6ED00233D6C3}.Release|Any CPU.Build.0 = Release|Any CPU
		{CECAD16E-1186-4D61-8437-6ED00233D6C3}.Release|x64.ActiveCfg = Release|Any CPU
		{CECAD16E-1186-4D61-8437-6ED00233D6C3}.Release|x64.Build.0 = Release|Any CPU
		{CECAD16E-1186-4D61-8437-6ED00233D6C3}.Release|x86.ActiveCfg = Release|Any CPU
		{CECAD16E-1186-4D61-8437-6ED00233D6C3}.Release|x86.Build.0 = Release|Any CPU
		{1B151C2A-5E23-46AD-94E8-21F0CEC0DC2D}.Debug|Any CPU.ActiveCfg = Debug|Any CPU
		{1B151C2A-5E23-46AD-94E8-21F0CEC0DC2D}.Debug|Any CPU.Build.0 = Debug|Any CPU
		{1B151C2A-5E23-46AD-94E8-21F0CEC0DC2D}.Debug|x64.ActiveCfg = Debug|Any CPU
		{1B151C2A-5E23-46AD-94E8-21F0CEC0DC2D}.Debug|x64.Build.0 = Debug|Any CPU
		{1B151C2A-5E23-46AD-94E8-21F0CEC0DC2D}.Debug|x86.ActiveCfg = Debug|Any CPU
		{1B151C2A-5E23-46AD-94E8-21F0CEC0DC2D}.Debug|x86.Build.0 = Debug|Any CPU
		{1B151C2A-5E23-46AD-94E8-21F0CEC0DC2D}.Release|Any CPU.ActiveCfg = Release|Any CPU
		{1B151C2A-5E23-46AD-94E8-21F0CEC0DC2D}.Release|Any CPU.Build.0 = Release|Any CPU
		{1B151C2A-5E23-46AD-94E8-21F0CEC0DC2D}.Release|x64.ActiveCfg = Release|Any CPU
		{1B151C2A-5E23-46AD-94E8-21F0CEC0DC2D}.Release|x64.Build.0 = Release|Any CPU
		{1B151C2A-5E23-46AD-94E8-21F0CEC0DC2D}.Release|x86.ActiveCfg = Release|Any CPU
		{1B151C2A-5E23-46AD-94E8-21F0CEC0DC2D}.Release|x86.Build.0 = Release|Any CPU
		{3DEEDC69-6C9B-4514-B3AD-1C78637CE4D6}.Debug|Any CPU.ActiveCfg = Debug|Any CPU
		{3DEEDC69-6C9B-4514-B3AD-1C78637CE4D6}.Debug|Any CPU.Build.0 = Debug|Any CPU
		{3DEEDC69-6C9B-4514-B3AD-1C78637CE4D6}.Debug|x64.ActiveCfg = Debug|Any CPU
		{3DEEDC69-6C9B-4514-B3AD-1C78637CE4D6}.Debug|x64.Build.0 = Debug|Any CPU
		{3DEEDC69-6C9B-4514-B3AD-1C78637CE4D6}.Debug|x86.ActiveCfg = Debug|Any CPU
		{3DEEDC69-6C9B-4514-B3AD-1C78637CE4D6}.Debug|x86.Build.0 = Debug|Any CPU
		{3DEEDC69-6C9B-4514-B3AD-1C78637CE4D6}.Release|Any CPU.ActiveCfg = Release|Any CPU
		{3DEEDC69-6C9B-4514-B3AD-1C78637CE4D6}.Release|Any CPU.Build.0 = Release|Any CPU
		{3DEEDC69-6C9B-4514-B3AD-1C78637CE4D6}.Release|x64.ActiveCfg = Release|Any CPU
		{3DEEDC69-6C9B-4514-B3AD-1C78637CE4D6}.Release|x64.Build.0 = Release|Any CPU
		{3DEEDC69-6C9B-4514-B3AD-1C78637CE4D6}.Release|x86.ActiveCfg = Release|Any CPU
		{3DEEDC69-6C9B-4514-B3AD-1C78637CE4D6}.Release|x86.Build.0 = Release|Any CPU
	EndGlobalSection
	GlobalSection(NestedProjects) = preSolution
		{BAB7BEFC-579F-44FF-B986-EF62C0290E70} = {8581A1F8-D7E0-4C63-B078-C6E93BBD09A3}
		{6C6998F1-3AC4-4896-AF5E-F115517EBFC0} = {8581A1F8-D7E0-4C63-B078-C6E93BBD09A3}
		{82530C24-344B-40C1-868D-F91A47F29C7E} = {8581A1F8-D7E0-4C63-B078-C6E93BBD09A3}
		{0F622B5B-D2B2-4DF3-8F7B-EE1C0DC2D095} = {8581A1F8-D7E0-4C63-B078-C6E93BBD09A3}
		{CECAD16E-1186-4D61-8437-6ED00233D6C3} = {8581A1F8-D7E0-4C63-B078-C6E93BBD09A3}
		{1B151C2A-5E23-46AD-94E8-21F0CEC0DC2D} = {8581A1F8-D7E0-4C63-B078-C6E93BBD09A3}
		{3DEEDC69-6C9B-4514-B3AD-1C78637CE4D6} = {8581A1F8-D7E0-4C63-B078-C6E93BBD09A3}
	EndGlobalSection
EndGlobal
